
Microsoft Visual Studio Solution File, Format Version 12.00
# Visual Studio 15
VisualStudioVersion = 15.0.28307.2092
MinimumVisualStudioVersion = 10.0.40219.1
Project("{FAE04EC0-301F-11D3-BF4B-00C04F79EFBC}") = "9._hafta_slaytlari_odev_5", "9._hafta_slaytlari_odev_5\9._hafta_slaytlari_odev_5.csproj", "{6ADF4A1C-0F62-4E15-B460-0B840E972970}"
EndProject
Global
	GlobalSection(SolutionConfigurationPlatforms) = preSolution
		Debug|Any CPU = Debug|Any CPU
		Release|Any CPU = Release|Any CPU
	EndGlobalSection
	GlobalSection(ProjectConfigurationPlatforms) = postSolution
		{6ADF4A1C-0F62-4E15-B460-0B840E972970}.Debug|Any CPU.ActiveCfg = Debug|Any CPU
		{6ADF4A1C-0F62-4E15-B460-0B840E972970}.Debug|Any CPU.Build.0 = Debug|Any CPU
		{6ADF4A1C-0F62-4E15-B460-0B840E972970}.Release|Any CPU.ActiveCfg = Release|Any CPU
		{6ADF4A1C-0F62-4E15-B460-0B840E972970}.Release|Any CPU.Build.0 = Release|Any CPU
	EndGlobalSection
	GlobalSection(SolutionProperties) = preSolution
		HideSolutionNode = FALSE
	EndGlobalSection
	GlobalSection(ExtensibilityGlobals) = postSolution
		SolutionGuid = {C8349787-8266-4BC4-BD68-09EB3B3469A1}
	EndGlobalSection
EndGlobal
