
Microsoft Visual Studio Solution File, Format Version 12.00
# Visual Studio 15
VisualStudioVersion = 15.0.28307.2092
MinimumVisualStudioVersion = 10.0.40219.1
Project("{FAE04EC0-301F-11D3-BF4B-00C04F79EFBC}") = "4._hafta_slaytlari_odev_11.2", "4._hafta_slaytlari_odev_11.2\4._hafta_slaytlari_odev_11.2.csproj", "{CCE9A006-DF8F-4EE2-A18E-D9544198C714}"
EndProject
Global
	GlobalSection(SolutionConfigurationPlatforms) = preSolution
		Debug|Any CPU = Debug|Any CPU
		Release|Any CPU = Release|Any CPU
	EndGlobalSection
	GlobalSection(ProjectConfigurationPlatforms) = postSolution
		{CCE9A006-DF8F-4EE2-A18E-D9544198C714}.Debug|Any CPU.ActiveCfg = Debug|Any CPU
		{CCE9A006-DF8F-4EE2-A18E-D9544198C714}.Debug|Any CPU.Build.0 = Debug|Any CPU
		{CCE9A006-DF8F-4EE2-A18E-D9544198C714}.Release|Any CPU.ActiveCfg = Release|Any CPU
		{CCE9A006-DF8F-4EE2-A18E-D9544198C714}.Release|Any CPU.Build.0 = Release|Any CPU
	EndGlobalSection
	GlobalSection(SolutionProperties) = preSolution
		HideSolutionNode = FALSE
	EndGlobalSection
	GlobalSection(ExtensibilityGlobals) = postSolution
		SolutionGuid = {98188FB8-66C6-45EF-BC4B-9BDBF09566C8}
	EndGlobalSection
EndGlobal
