
Microsoft Visual Studio Solution File, Format Version 12.00
# Visual Studio 15
VisualStudioVersion = 15.0.28307.2092
MinimumVisualStudioVersion = 10.0.40219.1
Project("{FAE04EC0-301F-11D3-BF4B-00C04F79EFBC}") = "10._hafta_slaytlari_odev_1", "10._hafta_slaytlari_odev_1\10._hafta_slaytlari_odev_1.csproj", "{2E24D942-8227-4B21-AA50-55E7F9BEDB99}"
EndProject
Global
	GlobalSection(SolutionConfigurationPlatforms) = preSolution
		Debug|Any CPU = Debug|Any CPU
		Release|Any CPU = Release|Any CPU
	EndGlobalSection
	GlobalSection(ProjectConfigurationPlatforms) = postSolution
		{2E24D942-8227-4B21-AA50-55E7F9BEDB99}.Debug|Any CPU.ActiveCfg = Debug|Any CPU
		{2E24D942-8227-4B21-AA50-55E7F9BEDB99}.Debug|Any CPU.Build.0 = Debug|Any CPU
		{2E24D942-8227-4B21-AA50-55E7F9BEDB99}.Release|Any CPU.ActiveCfg = Release|Any CPU
		{2E24D942-8227-4B21-AA50-55E7F9BEDB99}.Release|Any CPU.Build.0 = Release|Any CPU
	EndGlobalSection
	GlobalSection(SolutionProperties) = preSolution
		HideSolutionNode = FALSE
	EndGlobalSection
	GlobalSection(ExtensibilityGlobals) = postSolution
		SolutionGuid = {156C2CCE-D18B-4794-A452-E57DC011EE3F}
	EndGlobalSection
EndGlobal
