
Microsoft Visual Studio Solution File, Format Version 12.00
# Visual Studio 15
VisualStudioVersion = 15.0.28307.2092
MinimumVisualStudioVersion = 10.0.40219.1
Project("{FAE04EC0-301F-11D3-BF4B-00C04F79EFBC}") = "5._hafta_slaytlari_odev_9", "5._hafta_slaytlari_odev_9\5._hafta_slaytlari_odev_9.csproj", "{5CAD70BD-953E-48DA-A569-2084868563E0}"
EndProject
Global
	GlobalSection(SolutionConfigurationPlatforms) = preSolution
		Debug|Any CPU = Debug|Any CPU
		Release|Any CPU = Release|Any CPU
	EndGlobalSection
	GlobalSection(ProjectConfigurationPlatforms) = postSolution
		{5CAD70BD-953E-48DA-A569-2084868563E0}.Debug|Any CPU.ActiveCfg = Debug|Any CPU
		{5CAD70BD-953E-48DA-A569-2084868563E0}.Debug|Any CPU.Build.0 = Debug|Any CPU
		{5CAD70BD-953E-48DA-A569-2084868563E0}.Release|Any CPU.ActiveCfg = Release|Any CPU
		{5CAD70BD-953E-48DA-A569-2084868563E0}.Release|Any CPU.Build.0 = Release|Any CPU
	EndGlobalSection
	GlobalSection(SolutionProperties) = preSolution
		HideSolutionNode = FALSE
	EndGlobalSection
	GlobalSection(ExtensibilityGlobals) = postSolution
		SolutionGuid = {BF05CF4C-16F9-4C01-9812-4AE5B0ACF27A}
	EndGlobalSection
EndGlobal
