
Microsoft Visual Studio Solution File, Format Version 12.00
# Visual Studio 15
VisualStudioVersion = 15.0.28307.2092
MinimumVisualStudioVersion = 10.0.40219.1
Project("{FAE04EC0-301F-11D3-BF4B-00C04F79EFBC}") = "9._hafta_slaytlari_odev_9", "9._hafta_slaytlari_odev_9\9._hafta_slaytlari_odev_9.csproj", "{BFE75CA3-5159-4415-B9CF-6DC7A1957007}"
EndProject
Global
	GlobalSection(SolutionConfigurationPlatforms) = preSolution
		Debug|Any CPU = Debug|Any CPU
		Release|Any CPU = Release|Any CPU
	EndGlobalSection
	GlobalSection(ProjectConfigurationPlatforms) = postSolution
		{BFE75CA3-5159-4415-B9CF-6DC7A1957007}.Debug|Any CPU.ActiveCfg = Debug|Any CPU
		{BFE75CA3-5159-4415-B9CF-6DC7A1957007}.Debug|Any CPU.Build.0 = Debug|Any CPU
		{BFE75CA3-5159-4415-B9CF-6DC7A1957007}.Release|Any CPU.ActiveCfg = Release|Any CPU
		{BFE75CA3-5159-4415-B9CF-6DC7A1957007}.Release|Any CPU.Build.0 = Release|Any CPU
	EndGlobalSection
	GlobalSection(SolutionProperties) = preSolution
		HideSolutionNode = FALSE
	EndGlobalSection
	GlobalSection(ExtensibilityGlobals) = postSolution
		SolutionGuid = {146A8041-378F-47E9-9F4E-96D469F8CBB1}
	EndGlobalSection
EndGlobal
