
Microsoft Visual Studio Solution File, Format Version 12.00
# Visual Studio 15
VisualStudioVersion = 15.0.28307.2092
MinimumVisualStudioVersion = 10.0.40219.1
Project("{FAE04EC0-301F-11D3-BF4B-00C04F79EFBC}") = "5._hafta_slaytlari_odev_8", "5._hafta_slaytlari_odev_8\5._hafta_slaytlari_odev_8.csproj", "{6E55CE79-E5EE-4EB4-9B2D-EA9D3DD8E4E5}"
EndProject
Global
	GlobalSection(SolutionConfigurationPlatforms) = preSolution
		Debug|Any CPU = Debug|Any CPU
		Release|Any CPU = Release|Any CPU
	EndGlobalSection
	GlobalSection(ProjectConfigurationPlatforms) = postSolution
		{6E55CE79-E5EE-4EB4-9B2D-EA9D3DD8E4E5}.Debug|Any CPU.ActiveCfg = Debug|Any CPU
		{6E55CE79-E5EE-4EB4-9B2D-EA9D3DD8E4E5}.Debug|Any CPU.Build.0 = Debug|Any CPU
		{6E55CE79-E5EE-4EB4-9B2D-EA9D3DD8E4E5}.Release|Any CPU.ActiveCfg = Release|Any CPU
		{6E55CE79-E5EE-4EB4-9B2D-EA9D3DD8E4E5}.Release|Any CPU.Build.0 = Release|Any CPU
	EndGlobalSection
	GlobalSection(SolutionProperties) = preSolution
		HideSolutionNode = FALSE
	EndGlobalSection
	GlobalSection(ExtensibilityGlobals) = postSolution
		SolutionGuid = {0252917E-31C3-4CCA-A8A6-0CF51C669FF9}
	EndGlobalSection
EndGlobal
