
Microsoft Visual Studio Solution File, Format Version 12.00
# Visual Studio 15
VisualStudioVersion = 15.0.28307.2092
MinimumVisualStudioVersion = 10.0.40219.1
Project("{FAE04EC0-301F-11D3-BF4B-00C04F79EFBC}") = "9._hafta_slaytlari_odev_11", "9._hafta_slaytlari_odev_11\9._hafta_slaytlari_odev_11.csproj", "{0DA69D0C-53EC-40D4-B9AD-ADBF654F779A}"
EndProject
Global
	GlobalSection(SolutionConfigurationPlatforms) = preSolution
		Debug|Any CPU = Debug|Any CPU
		Release|Any CPU = Release|Any CPU
	EndGlobalSection
	GlobalSection(ProjectConfigurationPlatforms) = postSolution
		{0DA69D0C-53EC-40D4-B9AD-ADBF654F779A}.Debug|Any CPU.ActiveCfg = Debug|Any CPU
		{0DA69D0C-53EC-40D4-B9AD-ADBF654F779A}.Debug|Any CPU.Build.0 = Debug|Any CPU
		{0DA69D0C-53EC-40D4-B9AD-ADBF654F779A}.Release|Any CPU.ActiveCfg = Release|Any CPU
		{0DA69D0C-53EC-40D4-B9AD-ADBF654F779A}.Release|Any CPU.Build.0 = Release|Any CPU
	EndGlobalSection
	GlobalSection(SolutionProperties) = preSolution
		HideSolutionNode = FALSE
	EndGlobalSection
	GlobalSection(ExtensibilityGlobals) = postSolution
		SolutionGuid = {3691DD4C-F9CA-420E-B57F-8DA383867953}
	EndGlobalSection
EndGlobal
