
Microsoft Visual Studio Solution File, Format Version 12.00
# Visual Studio 15
VisualStudioVersion = 15.0.28307.2092
MinimumVisualStudioVersion = 10.0.40219.1
Project("{FAE04EC0-301F-11D3-BF4B-00C04F79EFBC}") = "10._hafta_slaytlari_odev_5", "10._hafta_slaytlari_odev_5\10._hafta_slaytlari_odev_5.csproj", "{B4FFE216-B404-4D00-A759-52225CD8FDFA}"
EndProject
Global
	GlobalSection(SolutionConfigurationPlatforms) = preSolution
		Debug|Any CPU = Debug|Any CPU
		Release|Any CPU = Release|Any CPU
	EndGlobalSection
	GlobalSection(ProjectConfigurationPlatforms) = postSolution
		{B4FFE216-B404-4D00-A759-52225CD8FDFA}.Debug|Any CPU.ActiveCfg = Debug|Any CPU
		{B4FFE216-B404-4D00-A759-52225CD8FDFA}.Debug|Any CPU.Build.0 = Debug|Any CPU
		{B4FFE216-B404-4D00-A759-52225CD8FDFA}.Release|Any CPU.ActiveCfg = Release|Any CPU
		{B4FFE216-B404-4D00-A759-52225CD8FDFA}.Release|Any CPU.Build.0 = Release|Any CPU
	EndGlobalSection
	GlobalSection(SolutionProperties) = preSolution
		HideSolutionNode = FALSE
	EndGlobalSection
	GlobalSection(ExtensibilityGlobals) = postSolution
		SolutionGuid = {8BACCEB6-7EA2-427A-BFB8-90DD84BF7926}
	EndGlobalSection
EndGlobal
