
Microsoft Visual Studio Solution File, Format Version 12.00
# Visual Studio 15
VisualStudioVersion = 15.0.28307.2092
MinimumVisualStudioVersion = 10.0.40219.1
Project("{FAE04EC0-301F-11D3-BF4B-00C04F79EFBC}") = "4._hafta_slaytlari_odev_6", "4._hafta_slaytlari_odev_6\4._hafta_slaytlari_odev_6.csproj", "{8BFC7124-A3A2-4C7F-AC79-DD027BC1CBAE}"
EndProject
Global
	GlobalSection(SolutionConfigurationPlatforms) = preSolution
		Debug|Any CPU = Debug|Any CPU
		Release|Any CPU = Release|Any CPU
	EndGlobalSection
	GlobalSection(ProjectConfigurationPlatforms) = postSolution
		{8BFC7124-A3A2-4C7F-AC79-DD027BC1CBAE}.Debug|Any CPU.ActiveCfg = Debug|Any CPU
		{8BFC7124-A3A2-4C7F-AC79-DD027BC1CBAE}.Debug|Any CPU.Build.0 = Debug|Any CPU
		{8BFC7124-A3A2-4C7F-AC79-DD027BC1CBAE}.Release|Any CPU.ActiveCfg = Release|Any CPU
		{8BFC7124-A3A2-4C7F-AC79-DD027BC1CBAE}.Release|Any CPU.Build.0 = Release|Any CPU
	EndGlobalSection
	GlobalSection(SolutionProperties) = preSolution
		HideSolutionNode = FALSE
	EndGlobalSection
	GlobalSection(ExtensibilityGlobals) = postSolution
		SolutionGuid = {E85B7A94-C976-4901-A141-98B0343DA859}
	EndGlobalSection
EndGlobal
